
Microsoft Visual Studio Solution File, Format Version 12.00
# Visual Studio Version 17
VisualStudioVersion = 17.8.34330.188
MinimumVisualStudioVersion = 10.0.40219.1
Project("{FAE04EC0-301F-11D3-BF4B-00C04F79EFBC}") = "SchoolWebApi", "SchoolWebApi\SchoolWebApi.csproj", "{D7C3D936-6BD3-40D5-9739-718113E4AB73}"
EndProject
Global
	GlobalSection(SolutionConfigurationPlatforms) = preSolution
		Debug|Any CPU = Debug|Any CPU
		Release|Any CPU = Release|Any CPU
	EndGlobalSection
	GlobalSection(ProjectConfigurationPlatforms) = postSolution
		{D7C3D936-6BD3-40D5-9739-718113E4AB73}.Debug|Any CPU.ActiveCfg = Debug|Any CPU
		{D7C3D936-6BD3-40D5-9739-718113E4AB73}.Debug|Any CPU.Build.0 = Debug|Any CPU
		{D7C3D936-6BD3-40D5-9739-718113E4AB73}.Release|Any CPU.ActiveCfg = Release|Any CPU
		{D7C3D936-6BD3-40D5-9739-718113E4AB73}.Release|Any CPU.Build.0 = Release|Any CPU
	EndGlobalSection
	GlobalSection(SolutionProperties) = preSolution
		HideSolutionNode = FALSE
	EndGlobalSection
	GlobalSection(ExtensibilityGlobals) = postSolution
		SolutionGuid = {4EB5EAD9-5CA3-4B55-BDE9-666D504865C2}
	EndGlobalSection
EndGlobal
